# THIS IS AN AUTOGENERATED FILE. DO NOT EDIT THIS FILE DIRECTLY.
# yarn lockfile v1


csstype@2.6.14:
  version "2.6.14"
  resolved "https://registry.yarnpkg.com/csstype/-/csstype-2.6.14.tgz#004822a4050345b55ad4dcc00be1d9cf2f4296de"
  integrity sha512-2mSc+VEpGPblzAxyeR+vZhJKgYg0Og0nnRi7pmRXFYYxSfnOnW8A5wwQb4n4cE2nIOzqKOAzLCaEX6aBmNEv8A==

typescript@3.7.5:
  version "3.7.5"
  resolved "https://registry.yarnpkg.com/typescript/-/typescript-3.7.5.tgz#0692e21f65fd4108b9330238aac11dd2e177a1ae"
  integrity sha512-/P5lkRXkWHNAbcJIiHPfRoKqyd7bsyCma1hZNUGfn20qm64T6ZBlrzprymeu918H+mB/0rIg2gGK/BXkhhYgBw==
